// !$*UTF8*$!
{
	archiveVersion = 1;
	classes = {
	};
	objectVersion = 77;
	objects = {

/* Begin PBXBuildFile section */
		798D92622DC4BED80063CD5F /* color.cpp in Sources */ = {isa = PBXBuildFile; fileRef = 798D92592DC4BED80063CD5F /* color.cpp */; };
		798D92632DC4BED80063CD5F /* texture.cpp in Sources */ = {isa = PBXBuildFile; fileRef = 798D92602DC4BED80063CD5F /* texture.cpp */; };
		798D92642DC4BED80063CD5F /* canvas.cpp in Sources */ = {isa = PBXBuildFile; fileRef = 798D92572DC4BED80063CD5F /* canvas.cpp */; };
		798D92652DC4BED80063CD5F /* lines.cpp in Sources */ = {isa = PBXBuildFile; fileRef = 798D925B2DC4BED80063CD5F /* lines.cpp */; };
		798D92662DC4BED80063CD5F /* rects.cpp in Sources */ = {isa = PBXBuildFile; fileRef = 798D925E2DC4BED80063CD5F /* rects.cpp */; };
		798D92672DC4BED80063CD5F /* main.cpp in Sources */ = {isa = PBXBuildFile; fileRef = 798D925C2DC4BED80063CD5F /* main.cpp */; };
/* End PBXBuildFile section */

/* Begin PBXCopyFilesBuildPhase section */
		798D922E2DBCCFDF0063CD5F /* CopyFiles */ = {
			isa = PBXCopyFilesBuildPhase;
			buildActionMask = 2147483647;
			dstPath = /usr/share/man/man1/;
			dstSubfolderSpec = 0;
			files = (
			);
			runOnlyForDeploymentPostprocessing = 1;
		};
/* End PBXCopyFilesBuildPhase section */

/* Begin PBXFileReference section */
		798D92302DBCCFDF0063CD5F /* TileMap */ = {isa = PBXFileReference; explicitFileType = "compiled.mach-o.executable"; includeInIndex = 0; path = TileMap; sourceTree = BUILT_PRODUCTS_DIR; };
		798D92532DC4BEC40063CD5F /* stb_image.h */ = {isa = PBXFileReference; lastKnownFileType = sourcecode.c.h; path = stb_image.h; sourceTree = "<group>"; };
		798D92542DC4BEC40063CD5F /* stb_image_write.h */ = {isa = PBXFileReference; lastKnownFileType = sourcecode.c.h; path = stb_image_write.h; sourceTree = "<group>"; };
		798D92562DC4BED80063CD5F /* canvas.hpp */ = {isa = PBXFileReference; lastKnownFileType = sourcecode.cpp.h; path = canvas.hpp; sourceTree = "<group>"; };
		798D92572DC4BED80063CD5F /* canvas.cpp */ = {isa = PBXFileReference; lastKnownFileType = sourcecode.cpp.cpp; path = canvas.cpp; sourceTree = "<group>"; };
		798D92582DC4BED80063CD5F /* color.hpp */ = {isa = PBXFileReference; lastKnownFileType = sourcecode.cpp.h; path = color.hpp; sourceTree = "<group>"; };
		798D92592DC4BED80063CD5F /* color.cpp */ = {isa = PBXFileReference; lastKnownFileType = sourcecode.cpp.cpp; path = color.cpp; sourceTree = "<group>"; };
		798D925A2DC4BED80063CD5F /* lines.hpp */ = {isa = PBXFileReference; lastKnownFileType = sourcecode.cpp.h; path = lines.hpp; sourceTree = "<group>"; };
		798D925B2DC4BED80063CD5F /* lines.cpp */ = {isa = PBXFileReference; lastKnownFileType = sourcecode.cpp.cpp; path = lines.cpp; sourceTree = "<group>"; };
		798D925C2DC4BED80063CD5F /* main.cpp */ = {isa = PBXFileReference; lastKnownFileType = sourcecode.cpp.cpp; path = main.cpp; sourceTree = "<group>"; };
		798D925D2DC4BED80063CD5F /* rects.hpp */ = {isa = PBXFileReference; lastKnownFileType = sourcecode.cpp.h; path = rects.hpp; sourceTree = "<group>"; };
		798D925E2DC4BED80063CD5F /* rects.cpp */ = {isa = PBXFileReference; lastKnownFileType = sourcecode.cpp.cpp; path = rects.cpp; sourceTree = "<group>"; };
		798D925F2DC4BED80063CD5F /* texture.hpp */ = {isa = PBXFileReference; lastKnownFileType = sourcecode.cpp.h; path = texture.hpp; sourceTree = "<group>"; };
		798D92602DC4BED80063CD5F /* texture.cpp */ = {isa = PBXFileReference; lastKnownFileType = sourcecode.cpp.cpp; path = texture.cpp; sourceTree = "<group>"; };
		798D92612DC4BED80063CD5F /* utils.hpp */ = {isa = PBXFileReference; lastKnownFileType = sourcecode.cpp.h; path = utils.hpp; sourceTree = "<group>"; };
/* End PBXFileReference section */

/* Begin PBXFrameworksBuildPhase section */
		798D922D2DBCCFDF0063CD5F /* Frameworks */ = {
			isa = PBXFrameworksBuildPhase;
			buildActionMask = 2147483647;
			files = (
			);
			runOnlyForDeploymentPostprocessing = 0;
		};
/* End PBXFrameworksBuildPhase section */

/* Begin PBXGroup section */
		798D92272DBCCFDF0063CD5F = {
			isa = PBXGroup;
			children = (
				798D92562DC4BED80063CD5F /* canvas.hpp */,
				798D92572DC4BED80063CD5F /* canvas.cpp */,
				798D92582DC4BED80063CD5F /* color.hpp */,
				798D92592DC4BED80063CD5F /* color.cpp */,
				798D925A2DC4BED80063CD5F /* lines.hpp */,
				798D925B2DC4BED80063CD5F /* lines.cpp */,
				798D925C2DC4BED80063CD5F /* main.cpp */,
				798D925D2DC4BED80063CD5F /* rects.hpp */,
				798D925E2DC4BED80063CD5F /* rects.cpp */,
				798D925F2DC4BED80063CD5F /* texture.hpp */,
				798D92602DC4BED80063CD5F /* texture.cpp */,
				798D92612DC4BED80063CD5F /* utils.hpp */,
				798D92552DC4BEC40063CD5F /* external */,
				798D92312DBCCFDF0063CD5F /* Products */,
			);
			sourceTree = "<group>";
		};
		798D92312DBCCFDF0063CD5F /* Products */ = {
			isa = PBXGroup;
			children = (
				798D92302DBCCFDF0063CD5F /* TileMap */,
			);
			name = Products;
			sourceTree = "<group>";
		};
		798D92552DC4BEC40063CD5F /* external */ = {
			isa = PBXGroup;
			children = (
				798D92532DC4BEC40063CD5F /* stb_image.h */,
				798D92542DC4BEC40063CD5F /* stb_image_write.h */,
			);
			path = external;
			sourceTree = "<group>";
		};
/* End PBXGroup section */

/* Begin PBXNativeTarget section */
		798D922F2DBCCFDF0063CD5F /* TileMap */ = {
			isa = PBXNativeTarget;
			buildConfigurationList = 798D92372DBCCFDF0063CD5F /* Build configuration list for PBXNativeTarget "TileMap" */;
			buildPhases = (
				798D922C2DBCCFDF0063CD5F /* Sources */,
				798D922D2DBCCFDF0063CD5F /* Frameworks */,
				798D922E2DBCCFDF0063CD5F /* CopyFiles */,
			);
			buildRules = (
			);
			dependencies = (
			);
			name = TileMap;
			packageProductDependencies = (
			);
			productName = TileMap;
			productReference = 798D92302DBCCFDF0063CD5F /* TileMap */;
			productType = "com.apple.product-type.tool";
		};
/* End PBXNativeTarget section */

/* Begin PBXProject section */
		798D92282DBCCFDF0063CD5F /* Project object */ = {
			isa = PBXProject;
			attributes = {
				BuildIndependentTargetsInParallel = 1;
				LastUpgradeCheck = 1620;
				TargetAttributes = {
					798D922F2DBCCFDF0063CD5F = {
						CreatedOnToolsVersion = 16.2;
					};
				};
			};
			buildConfigurationList = 798D922B2DBCCFDF0063CD5F /* Build configuration list for PBXProject "TileMap" */;
			developmentRegion = en;
			hasScannedForEncodings = 0;
			knownRegions = (
				en,
				Base,
			);
			mainGroup = 798D92272DBCCFDF0063CD5F;
			minimizedProjectReferenceProxies = 1;
			preferredProjectObjectVersion = 77;
			productRefGroup = 798D92312DBCCFDF0063CD5F /* Products */;
			projectDirPath = "";
			projectRoot = "";
			targets = (
				798D922F2DBCCFDF0063CD5F /* TileMap */,
			);
		};
/* End PBXProject section */

/* Begin PBXSourcesBuildPhase section */
		798D922C2DBCCFDF0063CD5F /* Sources */ = {
			isa = PBXSourcesBuildPhase;
			buildActionMask = 2147483647;
			files = (
				798D92622DC4BED80063CD5F /* color.cpp in Sources */,
				798D92632DC4BED80063CD5F /* texture.cpp in Sources */,
				798D92642DC4BED80063CD5F /* canvas.cpp in Sources */,
				798D92652DC4BED80063CD5F /* lines.cpp in Sources */,
				798D92662DC4BED80063CD5F /* rects.cpp in Sources */,
				798D92672DC4BED80063CD5F /* main.cpp in Sources */,
			);
			runOnlyForDeploymentPostprocessing = 0;
		};
/* End PBXSourcesBuildPhase section */

/* Begin XCBuildConfiguration section */
		798D92352DBCCFDF0063CD5F /* Debug */ = {
			isa = XCBuildConfiguration;
			buildSettings = {
				ALWAYS_SEARCH_USER_PATHS = NO;
				ASSETCATALOG_COMPILER_GENERATE_SWIFT_ASSET_SYMBOL_EXTENSIONS = YES;
				CLANG_ANALYZER_NONNULL = YES;
				CLANG_ANALYZER_NUMBER_OBJECT_CONVERSION = YES_AGGRESSIVE;
				CLANG_CXX_LANGUAGE_STANDARD = "gnu++20";
				CLANG_ENABLE_MODULES = YES;
				CLANG_ENABLE_OBJC_ARC = YES;
				CLANG_ENABLE_OBJC_WEAK = YES;
				CLANG_WARN_BLOCK_CAPTURE_AUTORELEASING = YES;
				CLANG_WARN_BOOL_CONVERSION = YES;
				CLANG_WARN_COMMA = YES;
				CLANG_WARN_CONSTANT_CONVERSION = YES;
				CLANG_WARN_DEPRECATED_OBJC_IMPLEMENTATIONS = YES;
				CLANG_WARN_DIRECT_OBJC_ISA_USAGE = YES_ERROR;
				CLANG_WARN_DOCUMENTATION_COMMENTS = YES;
				CLANG_WARN_EMPTY_BODY = YES;
				CLANG_WARN_ENUM_CONVERSION = YES;
				CLANG_WARN_INFINITE_RECURSION = YES;
				CLANG_WARN_INT_CONVERSION = YES;
				CLANG_WARN_NON_LITERAL_NULL_CONVERSION = YES;
				CLANG_WARN_OBJC_IMPLICIT_RETAIN_SELF = YES;
				CLANG_WARN_OBJC_LITERAL_CONVERSION = YES;
				CLANG_WARN_OBJC_ROOT_CLASS = YES_ERROR;
				CLANG_WARN_QUOTED_INCLUDE_IN_FRAMEWORK_HEADER = YES;
				CLANG_WARN_RANGE_LOOP_ANALYSIS = YES;
				CLANG_WARN_STRICT_PROTOTYPES = YES;
				CLANG_WARN_SUSPICIOUS_MOVE = YES;
				CLANG_WARN_UNGUARDED_AVAILABILITY = YES_AGGRESSIVE;
				CLANG_WARN_UNREACHABLE_CODE = YES;
				CLANG_WARN__DUPLICATE_METHOD_MATCH = YES;
				COPY_PHASE_STRIP = NO;
				DEBUG_INFORMATION_FORMAT = dwarf;
				ENABLE_STRICT_OBJC_MSGSEND = YES;
				ENABLE_TESTABILITY = YES;
				ENABLE_USER_SCRIPT_SANDBOXING = YES;
				GCC_C_LANGUAGE_STANDARD = gnu17;
				GCC_DYNAMIC_NO_PIC = NO;
				GCC_NO_COMMON_BLOCKS = YES;
				GCC_OPTIMIZATION_LEVEL = 0;
				GCC_PREPROCESSOR_DEFINITIONS = (
					"DEBUG=1",
					"$(inherited)",
				);
				GCC_WARN_64_TO_32_BIT_CONVERSION = YES;
				GCC_WARN_ABOUT_RETURN_TYPE = YES_ERROR;
				GCC_WARN_UNDECLARED_SELECTOR = YES;
				GCC_WARN_UNINITIALIZED_AUTOS = YES_AGGRESSIVE;
				GCC_WARN_UNUSED_FUNCTION = YES;
				GCC_WARN_UNUSED_VARIABLE = YES;
				LOCALIZATION_PREFERS_STRING_CATALOGS = YES;
				MACOSX_DEPLOYMENT_TARGET = 15.2;
				MTL_ENABLE_DEBUG_INFO = INCLUDE_SOURCE;
				MTL_FAST_MATH = YES;
				ONLY_ACTIVE_ARCH = YES;
				SDKROOT = macosx;
			};
			name = Debug;
		};
		798D92362DBCCFDF0063CD5F /* Release */ = {
			isa = XCBuildConfiguration;
			buildSettings = {
				ALWAYS_SEARCH_USER_PATHS = NO;
				ASSETCATALOG_COMPILER_GENERATE_SWIFT_ASSET_SYMBOL_EXTENSIONS = YES;
				CLANG_ANALYZER_NONNULL = YES;
				CLANG_ANALYZER_NUMBER_OBJECT_CONVERSION = YES_AGGRESSIVE;
				CLANG_CXX_LANGUAGE_STANDARD = "gnu++20";
				CLANG_ENABLE_MODULES = YES;
				CLANG_ENABLE_OBJC_ARC = YES;
				CLANG_ENABLE_OBJC_WEAK = YES;
				CLANG_WARN_BLOCK_CAPTURE_AUTORELEASING = YES;
				CLANG_WARN_BOOL_CONVERSION = YES;
				CLANG_WARN_COMMA = YES;
				CLANG_WARN_CONSTANT_CONVERSION = YES;
				CLANG_WARN_DEPRECATED_OBJC_IMPLEMENTATIONS = YES;
				CLANG_WARN_DIRECT_OBJC_ISA_USAGE = YES_ERROR;
				CLANG_WARN_DOCUMENTATION_COMMENTS = YES;
				CLANG_WARN_EMPTY_BODY = YES;
				CLANG_WARN_ENUM_CONVERSION = YES;
				CLANG_WARN_INFINITE_RECURSION = YES;
				CLANG_WARN_INT_CONVERSION = YES;
				CLANG_WARN_NON_LITERAL_NULL_CONVERSION = YES;
				CLANG_WARN_OBJC_IMPLICIT_RETAIN_SELF = YES;
				CLANG_WARN_OBJC_LITERAL_CONVERSION = YES;
				CLANG_WARN_OBJC_ROOT_CLASS = YES_ERROR;
				CLANG_WARN_QUOTED_INCLUDE_IN_FRAMEWORK_HEADER = YES;
				CLANG_WARN_RANGE_LOOP_ANALYSIS = YES;
				CLANG_WARN_STRICT_PROTOTYPES = YES;
				CLANG_WARN_SUSPICIOUS_MOVE = YES;
				CLANG_WARN_UNGUARDED_AVAILABILITY = YES_AGGRESSIVE;
				CLANG_WARN_UNREACHABLE_CODE = YES;
				CLANG_WARN__DUPLICATE_METHOD_MATCH = YES;
				COPY_PHASE_STRIP = NO;
				DEBUG_INFORMATION_FORMAT = "dwarf-with-dsym";
				ENABLE_NS_ASSERTIONS = NO;
				ENABLE_STRICT_OBJC_MSGSEND = YES;
				ENABLE_USER_SCRIPT_SANDBOXING = YES;
				GCC_C_LANGUAGE_STANDARD = gnu17;
				GCC_NO_COMMON_BLOCKS = YES;
				GCC_WARN_64_TO_32_BIT_CONVERSION = YES;
				GCC_WARN_ABOUT_RETURN_TYPE = YES_ERROR;
				GCC_WARN_UNDECLARED_SELECTOR = YES;
				GCC_WARN_UNINITIALIZED_AUTOS = YES_AGGRESSIVE;
				GCC_WARN_UNUSED_FUNCTION = YES;
				GCC_WARN_UNUSED_VARIABLE = YES;
				LOCALIZATION_PREFERS_STRING_CATALOGS = YES;
				MACOSX_DEPLOYMENT_TARGET = 15.2;
				MTL_ENABLE_DEBUG_INFO = NO;
				MTL_FAST_MATH = YES;
				SDKROOT = macosx;
			};
			name = Release;
		};
		798D92382DBCCFDF0063CD5F /* Debug */ = {
			isa = XCBuildConfiguration;
			buildSettings = {
				CLANG_CXX_LANGUAGE_STANDARD = "c++23";
				CLANG_WARN_FLOAT_CONVERSION = YES;
				CLANG_WARN_IMPLICIT_FALLTHROUGH = YES;
				CLANG_WARN_IMPLICIT_SIGN_CONVERSION = YES;
				CLANG_WARN_SUSPICIOUS_IMPLICIT_CONVERSION = YES;
				CODE_SIGN_STYLE = Automatic;
				GCC_WARN_HIDDEN_VIRTUAL_FUNCTIONS = YES;
				GCC_WARN_NON_VIRTUAL_DESTRUCTOR = YES;
				GCC_WARN_PEDANTIC = YES;
				GCC_WARN_SIGN_COMPARE = YES;
				GCC_WARN_UNKNOWN_PRAGMAS = YES;
				GCC_WARN_UNUSED_FUNCTION = NO;
				GCC_WARN_UNUSED_PARAMETER = YES;
				PRODUCT_NAME = "$(TARGET_NAME)";
			};
			name = Debug;
		};
		798D92392DBCCFDF0063CD5F /* Release */ = {
			isa = XCBuildConfiguration;
			buildSettings = {
				CLANG_CXX_LANGUAGE_STANDARD = "c++23";
				CLANG_WARN_FLOAT_CONVERSION = YES;
				CLANG_WARN_IMPLICIT_FALLTHROUGH = YES;
				CLANG_WARN_IMPLICIT_SIGN_CONVERSION = YES;
				CLANG_WARN_SUSPICIOUS_IMPLICIT_CONVERSION = YES;
				CODE_SIGN_STYLE = Automatic;
				GCC_WARN_HIDDEN_VIRTUAL_FUNCTIONS = YES;
				GCC_WARN_NON_VIRTUAL_DESTRUCTOR = YES;
				GCC_WARN_PEDANTIC = YES;
				GCC_WARN_SIGN_COMPARE = YES;
				GCC_WARN_UNKNOWN_PRAGMAS = YES;
				GCC_WARN_UNUSED_FUNCTION = NO;
				GCC_WARN_UNUSED_PARAMETER = YES;
				PRODUCT_NAME = "$(TARGET_NAME)";
			};
			name = Release;
		};
/* End XCBuildConfiguration section */

/* Begin XCConfigurationList section */
		798D922B2DBCCFDF0063CD5F /* Build configuration list for PBXProject "TileMap" */ = {
			isa = XCConfigurationList;
			buildConfigurations = (
				798D92352DBCCFDF0063CD5F /* Debug */,
				798D92362DBCCFDF0063CD5F /* Release */,
			);
			defaultConfigurationIsVisible = 0;
			defaultConfigurationName = Release;
		};
		798D92372DBCCFDF0063CD5F /* Build configuration list for PBXNativeTarget "TileMap" */ = {
			isa = XCConfigurationList;
			buildConfigurations = (
				798D92382DBCCFDF0063CD5F /* Debug */,
				798D92392DBCCFDF0063CD5F /* Release */,
			);
			defaultConfigurationIsVisible = 0;
			defaultConfigurationName = Release;
		};
/* End XCConfigurationList section */
	};
	rootObject = 798D92282DBCCFDF0063CD5F /* Project object */;
}
